// !$*UTF8*$!
{
	archiveVersion = 1;
	classes = {
	};
	objectVersion = 56;
	objects = {

/* Begin PBXBuildFile section */
		2F4B19862A6E7C9800C35954 /* TCA_TutorialsApp.swift in Sources */ = {isa = PBXBuildFile; fileRef = 2F4B19852A6E7C9800C35954 /* TCA_TutorialsApp.swift */; };
		2F4B198A2A6E7C9A00C35954 /* Assets.xcassets in Resources */ = {isa = PBXBuildFile; fileRef = 2F4B19892A6E7C9A00C35954 /* Assets.xcassets */; };
		2F4B198D2A6E7C9A00C35954 /* Preview Assets.xcassets in Resources */ = {isa = PBXBuildFile; fileRef = 2F4B198C2A6E7C9A00C35954 /* Preview Assets.xcassets */; };
		2F4B19942A6E7DCC00C35954 /* CounterFeature.swift in Sources */ = {isa = PBXBuildFile; fileRef = 2F4B19932A6E7DCC00C35954 /* CounterFeature.swift */; };
		2F4B19972A6E7E7F00C35954 /* ComposableArchitecture in Frameworks */ = {isa = PBXBuildFile; productRef = 2F4B19962A6E7E7F00C35954 /* ComposableArchitecture */; };
		2F4B19AC2A7112FC00C35954 /* CounterFeatureTests.swift in Sources */ = {isa = PBXBuildFile; fileRef = 2F4B199B2A71113700C35954 /* CounterFeatureTests.swift */; };
		2F4B19AE2A712ED000C35954 /* NumberFactClient.swift in Sources */ = {isa = PBXBuildFile; fileRef = 2F4B19AD2A712ED000C35954 /* NumberFactClient.swift */; };
		2F4B19B42A72110500C35954 /* ContactsFeature.swift in Sources */ = {isa = PBXBuildFile; fileRef = 2F4B19B32A72110500C35954 /* ContactsFeature.swift */; };
		2F4B19B62A7213CF00C35954 /* AddContactFeature.swift in Sources */ = {isa = PBXBuildFile; fileRef = 2F4B19B52A7213CF00C35954 /* AddContactFeature.swift */; };
		2F4B19B92A72834300C35954 /* ContactsFeatureTests.swift in Sources */ = {isa = PBXBuildFile; fileRef = 2F4B19B82A72834300C35954 /* ContactsFeatureTests.swift */; };
		2F4B19BB2A73B9B100C35954 /* ContactDetailFeature.swift in Sources */ = {isa = PBXBuildFile; fileRef = 2F4B19BA2A73B9B100C35954 /* ContactDetailFeature.swift */; };
/* End PBXBuildFile section */

/* Begin PBXContainerItemProxy section */
		2F4B19A72A7112ED00C35954 /* PBXContainerItemProxy */ = {
			isa = PBXContainerItemProxy;
			containerPortal = 2F4B197A2A6E7C9800C35954 /* Project object */;
			proxyType = 1;
			remoteGlobalIDString = 2F4B19812A6E7C9800C35954;
			remoteInfo = "TCA-Tutorials";
		};
/* End PBXContainerItemProxy section */

/* Begin PBXFileReference section */
		2F4B19822A6E7C9800C35954 /* TCA-Tutorials.app */ = {isa = PBXFileReference; explicitFileType = wrapper.application; includeInIndex = 0; path = "TCA-Tutorials.app"; sourceTree = BUILT_PRODUCTS_DIR; };
		2F4B19852A6E7C9800C35954 /* TCA_TutorialsApp.swift */ = {isa = PBXFileReference; lastKnownFileType = sourcecode.swift; path = TCA_TutorialsApp.swift; sourceTree = "<group>"; };
		2F4B19892A6E7C9A00C35954 /* Assets.xcassets */ = {isa = PBXFileReference; lastKnownFileType = folder.assetcatalog; path = Assets.xcassets; sourceTree = "<group>"; };
		2F4B198C2A6E7C9A00C35954 /* Preview Assets.xcassets */ = {isa = PBXFileReference; lastKnownFileType = folder.assetcatalog; path = "Preview Assets.xcassets"; sourceTree = "<group>"; };
		2F4B19932A6E7DCC00C35954 /* CounterFeature.swift */ = {isa = PBXFileReference; lastKnownFileType = sourcecode.swift; path = CounterFeature.swift; sourceTree = "<group>"; };
		2F4B199A2A6FDBB700C35954 /* Info.plist */ = {isa = PBXFileReference; lastKnownFileType = text.plist; path = Info.plist; sourceTree = "<group>"; };
		2F4B199B2A71113700C35954 /* CounterFeatureTests.swift */ = {isa = PBXFileReference; lastKnownFileType = sourcecode.swift; path = CounterFeatureTests.swift; sourceTree = "<group>"; };
		2F4B19A32A7112ED00C35954 /* TCA-TutorialsTests.xctest */ = {isa = PBXFileReference; explicitFileType = wrapper.cfbundle; includeInIndex = 0; path = "TCA-TutorialsTests.xctest"; sourceTree = BUILT_PRODUCTS_DIR; };
		2F4B19AD2A712ED000C35954 /* NumberFactClient.swift */ = {isa = PBXFileReference; lastKnownFileType = sourcecode.swift; path = NumberFactClient.swift; sourceTree = "<group>"; };
		2F4B19B32A72110500C35954 /* ContactsFeature.swift */ = {isa = PBXFileReference; lastKnownFileType = sourcecode.swift; path = ContactsFeature.swift; sourceTree = "<group>"; };
		2F4B19B52A7213CF00C35954 /* AddContactFeature.swift */ = {isa = PBXFileReference; lastKnownFileType = sourcecode.swift; path = AddContactFeature.swift; sourceTree = "<group>"; };
		2F4B19B82A72834300C35954 /* ContactsFeatureTests.swift */ = {isa = PBXFileReference; lastKnownFileType = sourcecode.swift; path = ContactsFeatureTests.swift; sourceTree = "<group>"; };
		2F4B19BA2A73B9B100C35954 /* ContactDetailFeature.swift */ = {isa = PBXFileReference; lastKnownFileType = sourcecode.swift; path = ContactDetailFeature.swift; sourceTree = "<group>"; };
/* End PBXFileReference section */

/* Begin PBXFrameworksBuildPhase section */
		2F4B197F2A6E7C9800C35954 /* Frameworks */ = {
			isa = PBXFrameworksBuildPhase;
			buildActionMask = 2147483647;
			files = (
				2F4B19972A6E7E7F00C35954 /* ComposableArchitecture in Frameworks */,
			);
			runOnlyForDeploymentPostprocessing = 0;
		};
		2F4B19A02A7112ED00C35954 /* Frameworks */ = {
			isa = PBXFrameworksBuildPhase;
			buildActionMask = 2147483647;
			files = (
			);
			runOnlyForDeploymentPostprocessing = 0;
		};
/* End PBXFrameworksBuildPhase section */

/* Begin PBXGroup section */
		2F4B19792A6E7C9800C35954 = {
			isa = PBXGroup;
			children = (
				2F4B19842A6E7C9800C35954 /* TCA-Tutorials */,
				2F4B19A42A7112ED00C35954 /* TCA-TutorialsTests */,
				2F4B19832A6E7C9800C35954 /* Products */,
			);
			sourceTree = "<group>";
		};
		2F4B19832A6E7C9800C35954 /* Products */ = {
			isa = PBXGroup;
			children = (
				2F4B19822A6E7C9800C35954 /* TCA-Tutorials.app */,
				2F4B19A32A7112ED00C35954 /* TCA-TutorialsTests.xctest */,
			);
			name = Products;
			sourceTree = "<group>";
		};
		2F4B19842A6E7C9800C35954 /* TCA-Tutorials */ = {
			isa = PBXGroup;
			children = (
				2F4B19B22A7210F300C35954 /* ContactsExample */,
				2F4B19AF2A720FC800C35954 /* CounterExample */,
				2F4B199A2A6FDBB700C35954 /* Info.plist */,
				2F4B19852A6E7C9800C35954 /* TCA_TutorialsApp.swift */,
				2F4B19892A6E7C9A00C35954 /* Assets.xcassets */,
				2F4B198B2A6E7C9A00C35954 /* Preview Content */,
			);
			path = "TCA-Tutorials";
			sourceTree = "<group>";
		};
		2F4B198B2A6E7C9A00C35954 /* Preview Content */ = {
			isa = PBXGroup;
			children = (
				2F4B198C2A6E7C9A00C35954 /* Preview Assets.xcassets */,
			);
			path = "Preview Content";
			sourceTree = "<group>";
		};
		2F4B19A42A7112ED00C35954 /* TCA-TutorialsTests */ = {
			isa = PBXGroup;
			children = (
				2F4B19B72A72832500C35954 /* ContactsTests */,
				2F4B19B02A720FF500C35954 /* CounterTests */,
			);
			path = "TCA-TutorialsTests";
			sourceTree = "<group>";
		};
		2F4B19AF2A720FC800C35954 /* CounterExample */ = {
			isa = PBXGroup;
			children = (
				2F4B19932A6E7DCC00C35954 /* CounterFeature.swift */,
				2F4B19AD2A712ED000C35954 /* NumberFactClient.swift */,
			);
			path = CounterExample;
			sourceTree = "<group>";
		};
		2F4B19B02A720FF500C35954 /* CounterTests */ = {
			isa = PBXGroup;
			children = (
				2F4B199B2A71113700C35954 /* CounterFeatureTests.swift */,
			);
			path = CounterTests;
			sourceTree = "<group>";
		};
		2F4B19B22A7210F300C35954 /* ContactsExample */ = {
			isa = PBXGroup;
			children = (
				2F4B19B32A72110500C35954 /* ContactsFeature.swift */,
				2F4B19B52A7213CF00C35954 /* AddContactFeature.swift */,
				2F4B19BA2A73B9B100C35954 /* ContactDetailFeature.swift */,
			);
			path = ContactsExample;
			sourceTree = "<group>";
		};
		2F4B19B72A72832500C35954 /* ContactsTests */ = {
			isa = PBXGroup;
			children = (
				2F4B19B82A72834300C35954 /* ContactsFeatureTests.swift */,
			);
			path = ContactsTests;
			sourceTree = "<group>";
		};
/* End PBXGroup section */

/* Begin PBXNativeTarget section */
		2F4B19812A6E7C9800C35954 /* TCA-Tutorials */ = {
			isa = PBXNativeTarget;
			buildConfigurationList = 2F4B19902A6E7C9A00C35954 /* Build configuration list for PBXNativeTarget "TCA-Tutorials" */;
			buildPhases = (
				2F4B197E2A6E7C9800C35954 /* Sources */,
				2F4B197F2A6E7C9800C35954 /* Frameworks */,
				2F4B19802A6E7C9800C35954 /* Resources */,
			);
			buildRules = (
			);
			dependencies = (
			);
			name = "TCA-Tutorials";
			packageProductDependencies = (
				2F4B19962A6E7E7F00C35954 /* ComposableArchitecture */,
			);
			productName = "TCA-Tutorials";
			productReference = 2F4B19822A6E7C9800C35954 /* TCA-Tutorials.app */;
			productType = "com.apple.product-type.application";
		};
		2F4B19A22A7112ED00C35954 /* TCA-TutorialsTests */ = {
			isa = PBXNativeTarget;
			buildConfigurationList = 2F4B19A92A7112ED00C35954 /* Build configuration list for PBXNativeTarget "TCA-TutorialsTests" */;
			buildPhases = (
				2F4B199F2A7112ED00C35954 /* Sources */,
				2F4B19A02A7112ED00C35954 /* Frameworks */,
				2F4B19A12A7112ED00C35954 /* Resources */,
			);
			buildRules = (
			);
			dependencies = (
				2F4B19A82A7112ED00C35954 /* PBXTargetDependency */,
			);
			name = "TCA-TutorialsTests";
			productName = "TCA-TutorialsTests";
			productReference = 2F4B19A32A7112ED00C35954 /* TCA-TutorialsTests.xctest */;
			productType = "com.apple.product-type.bundle.unit-test";
		};
/* End PBXNativeTarget section */

/* Begin PBXProject section */
		2F4B197A2A6E7C9800C35954 /* Project object */ = {
			isa = PBXProject;
			attributes = {
				BuildIndependentTargetsInParallel = 1;
				LastSwiftUpdateCheck = 1420;
				LastUpgradeCheck = 1420;
				TargetAttributes = {
					2F4B19812A6E7C9800C35954 = {
						CreatedOnToolsVersion = 14.2;
					};
					2F4B19A22A7112ED00C35954 = {
						CreatedOnToolsVersion = 14.2;
						TestTargetID = 2F4B19812A6E7C9800C35954;
					};
				};
			};
			buildConfigurationList = 2F4B197D2A6E7C9800C35954 /* Build configuration list for PBXProject "TCA-Tutorials" */;
			compatibilityVersion = "Xcode 14.0";
			developmentRegion = en;
			hasScannedForEncodings = 0;
			knownRegions = (
				en,
				Base,
			);
			mainGroup = 2F4B19792A6E7C9800C35954;
			packageReferences = (
				2F4B19952A6E7E7F00C35954 /* XCRemoteSwiftPackageReference "swift-composable-architecture" */,
			);
			productRefGroup = 2F4B19832A6E7C9800C35954 /* Products */;
			projectDirPath = "";
			projectRoot = "";
			targets = (
				2F4B19812A6E7C9800C35954 /* TCA-Tutorials */,
				2F4B19A22A7112ED00C35954 /* TCA-TutorialsTests */,
			);
		};
/* End PBXProject section */

/* Begin PBXResourcesBuildPhase section */
		2F4B19802A6E7C9800C35954 /* Resources */ = {
			isa = PBXResourcesBuildPhase;
			buildActionMask = 2147483647;
			files = (
				2F4B198D2A6E7C9A00C35954 /* Preview Assets.xcassets in Resources */,
				2F4B198A2A6E7C9A00C35954 /* Assets.xcassets in Resources */,
			);
			runOnlyForDeploymentPostprocessing = 0;
		};
		2F4B19A12A7112ED00C35954 /* Resources */ = {
			isa = PBXResourcesBuildPhase;
			buildActionMask = 2147483647;
			files = (
			);
			runOnlyForDeploymentPostprocessing = 0;
		};
/* End PBXResourcesBuildPhase section */

/* Begin PBXSourcesBuildPhase section */
		2F4B197E2A6E7C9800C35954 /* Sources */ = {
			isa = PBXSourcesBuildPhase;
			buildActionMask = 2147483647;
			files = (
				2F4B19942A6E7DCC00C35954 /* CounterFeature.swift in Sources */,
				2F4B19B62A7213CF00C35954 /* AddContactFeature.swift in Sources */,
				2F4B19862A6E7C9800C35954 /* TCA_TutorialsApp.swift in Sources */,
				2F4B19AE2A712ED000C35954 /* NumberFactClient.swift in Sources */,
				2F4B19BB2A73B9B100C35954 /* ContactDetailFeature.swift in Sources */,
				2F4B19B42A72110500C35954 /* ContactsFeature.swift in Sources */,
			);
			runOnlyForDeploymentPostprocessing = 0;
		};
		2F4B199F2A7112ED00C35954 /* Sources */ = {
			isa = PBXSourcesBuildPhase;
			buildActionMask = 2147483647;
			files = (
				2F4B19AC2A7112FC00C35954 /* CounterFeatureTests.swift in Sources */,
				2F4B19B92A72834300C35954 /* ContactsFeatureTests.swift in Sources */,
			);
			runOnlyForDeploymentPostprocessing = 0;
		};
/* End PBXSourcesBuildPhase section */

/* Begin PBXTargetDependency section */
		2F4B19A82A7112ED00C35954 /* PBXTargetDependency */ = {
			isa = PBXTargetDependency;
			target = 2F4B19812A6E7C9800C35954 /* TCA-Tutorials */;
			targetProxy = 2F4B19A72A7112ED00C35954 /* PBXContainerItemProxy */;
		};
/* End PBXTargetDependency section */

/* Begin XCBuildConfiguration section */
		2F4B198E2A6E7C9A00C35954 /* Debug */ = {
			isa = XCBuildConfiguration;
			buildSettings = {
				ALWAYS_SEARCH_USER_PATHS = NO;
				CLANG_ANALYZER_NONNULL = YES;
				CLANG_ANALYZER_NUMBER_OBJECT_CONVERSION = YES_AGGRESSIVE;
				CLANG_CXX_LANGUAGE_STANDARD = "gnu++20";
				CLANG_ENABLE_MODULES = YES;
				CLANG_ENABLE_OBJC_ARC = YES;
				CLANG_ENABLE_OBJC_WEAK = YES;
				CLANG_WARN_BLOCK_CAPTURE_AUTORELEASING = YES;
				CLANG_WARN_BOOL_CONVERSION = YES;
				CLANG_WARN_COMMA = YES;
				CLANG_WARN_CONSTANT_CONVERSION = YES;
				CLANG_WARN_DEPRECATED_OBJC_IMPLEMENTATIONS = YES;
				CLANG_WARN_DIRECT_OBJC_ISA_USAGE = YES_ERROR;
				CLANG_WARN_DOCUMENTATION_COMMENTS = YES;
				CLANG_WARN_EMPTY_BODY = YES;
				CLANG_WARN_ENUM_CONVERSION = YES;
				CLANG_WARN_INFINITE_RECURSION = YES;
				CLANG_WARN_INT_CONVERSION = YES;
				CLANG_WARN_NON_LITERAL_NULL_CONVERSION = YES;
				CLANG_WARN_OBJC_IMPLICIT_RETAIN_SELF = YES;
				CLANG_WARN_OBJC_LITERAL_CONVERSION = YES;
				CLANG_WARN_OBJC_ROOT_CLASS = YES_ERROR;
				CLANG_WARN_QUOTED_INCLUDE_IN_FRAMEWORK_HEADER = YES;
				CLANG_WARN_RANGE_LOOP_ANALYSIS = YES;
				CLANG_WARN_STRICT_PROTOTYPES = YES;
				CLANG_WARN_SUSPICIOUS_MOVE = YES;
				CLANG_WARN_UNGUARDED_AVAILABILITY = YES_AGGRESSIVE;
				CLANG_WARN_UNREACHABLE_CODE = YES;
				CLANG_WARN__DUPLICATE_METHOD_MATCH = YES;
				COPY_PHASE_STRIP = NO;
				DEBUG_INFORMATION_FORMAT = dwarf;
				ENABLE_STRICT_OBJC_MSGSEND = YES;
				ENABLE_TESTABILITY = YES;
				GCC_C_LANGUAGE_STANDARD = gnu11;
				GCC_DYNAMIC_NO_PIC = NO;
				GCC_NO_COMMON_BLOCKS = YES;
				GCC_OPTIMIZATION_LEVEL = 0;
				GCC_PREPROCESSOR_DEFINITIONS = (
					"DEBUG=1",
					"$(inherited)",
				);
				GCC_WARN_64_TO_32_BIT_CONVERSION = YES;
				GCC_WARN_ABOUT_RETURN_TYPE = YES_ERROR;
				GCC_WARN_UNDECLARED_SELECTOR = YES;
				GCC_WARN_UNINITIALIZED_AUTOS = YES_AGGRESSIVE;
				GCC_WARN_UNUSED_FUNCTION = YES;
				GCC_WARN_UNUSED_VARIABLE = YES;
				IPHONEOS_DEPLOYMENT_TARGET = 16.2;
				MTL_ENABLE_DEBUG_INFO = INCLUDE_SOURCE;
				MTL_FAST_MATH = YES;
				ONLY_ACTIVE_ARCH = YES;
				SDKROOT = iphoneos;
				SWIFT_ACTIVE_COMPILATION_CONDITIONS = DEBUG;
				SWIFT_OPTIMIZATION_LEVEL = "-Onone";
			};
			name = Debug;
		};
		2F4B198F2A6E7C9A00C35954 /* Release */ = {
			isa = XCBuildConfiguration;
			buildSettings = {
				ALWAYS_SEARCH_USER_PATHS = NO;
				CLANG_ANALYZER_NONNULL = YES;
				CLANG_ANALYZER_NUMBER_OBJECT_CONVERSION = YES_AGGRESSIVE;
				CLANG_CXX_LANGUAGE_STANDARD = "gnu++20";
				CLANG_ENABLE_MODULES = YES;
				CLANG_ENABLE_OBJC_ARC = YES;
				CLANG_ENABLE_OBJC_WEAK = YES;
				CLANG_WARN_BLOCK_CAPTURE_AUTORELEASING = YES;
				CLANG_WARN_BOOL_CONVERSION = YES;
				CLANG_WARN_COMMA = YES;
				CLANG_WARN_CONSTANT_CONVERSION = YES;
				CLANG_WARN_DEPRECATED_OBJC_IMPLEMENTATIONS = YES;
				CLANG_WARN_DIRECT_OBJC_ISA_USAGE = YES_ERROR;
				CLANG_WARN_DOCUMENTATION_COMMENTS = YES;
				CLANG_WARN_EMPTY_BODY = YES;
				CLANG_WARN_ENUM_CONVERSION = YES;
				CLANG_WARN_INFINITE_RECURSION = YES;
				CLANG_WARN_INT_CONVERSION = YES;
				CLANG_WARN_NON_LITERAL_NULL_CONVERSION = YES;
				CLANG_WARN_OBJC_IMPLICIT_RETAIN_SELF = YES;
				CLANG_WARN_OBJC_LITERAL_CONVERSION = YES;
				CLANG_WARN_OBJC_ROOT_CLASS = YES_ERROR;
				CLANG_WARN_QUOTED_INCLUDE_IN_FRAMEWORK_HEADER = YES;
				CLANG_WARN_RANGE_LOOP_ANALYSIS = YES;
				CLANG_WARN_STRICT_PROTOTYPES = YES;
				CLANG_WARN_SUSPICIOUS_MOVE = YES;
				CLANG_WARN_UNGUARDED_AVAILABILITY = YES_AGGRESSIVE;
				CLANG_WARN_UNREACHABLE_CODE = YES;
				CLANG_WARN__DUPLICATE_METHOD_MATCH = YES;
				COPY_PHASE_STRIP = NO;
				DEBUG_INFORMATION_FORMAT = "dwarf-with-dsym";
				ENABLE_NS_ASSERTIONS = NO;
				ENABLE_STRICT_OBJC_MSGSEND = YES;
				GCC_C_LANGUAGE_STANDARD = gnu11;
				GCC_NO_COMMON_BLOCKS = YES;
				GCC_WARN_64_TO_32_BIT_CONVERSION = YES;
				GCC_WARN_ABOUT_RETURN_TYPE = YES_ERROR;
				GCC_WARN_UNDECLARED_SELECTOR = YES;
				GCC_WARN_UNINITIALIZED_AUTOS = YES_AGGRESSIVE;
				GCC_WARN_UNUSED_FUNCTION = YES;
				GCC_WARN_UNUSED_VARIABLE = YES;
				IPHONEOS_DEPLOYMENT_TARGET = 16.2;
				MTL_ENABLE_DEBUG_INFO = NO;
				MTL_FAST_MATH = YES;
				SDKROOT = iphoneos;
				SWIFT_COMPILATION_MODE = wholemodule;
				SWIFT_OPTIMIZATION_LEVEL = "-O";
				VALIDATE_PRODUCT = YES;
			};
			name = Release;
		};
		2F4B19912A6E7C9A00C35954 /* Debug */ = {
			isa = XCBuildConfiguration;
			buildSettings = {
				ASSETCATALOG_COMPILER_APPICON_NAME = AppIcon;
				ASSETCATALOG_COMPILER_GLOBAL_ACCENT_COLOR_NAME = AccentColor;
				CODE_SIGN_STYLE = Automatic;
				CURRENT_PROJECT_VERSION = 1;
				DEVELOPMENT_ASSET_PATHS = "\"TCA-Tutorials/Preview Content\"";
				ENABLE_PREVIEWS = YES;
				GENERATE_INFOPLIST_FILE = YES;
				INFOPLIST_FILE = "TCA-Tutorials/Info.plist";
				INFOPLIST_KEY_UIApplicationSceneManifest_Generation = YES;
				INFOPLIST_KEY_UIApplicationSupportsIndirectInputEvents = YES;
				INFOPLIST_KEY_UILaunchScreen_Generation = YES;
				INFOPLIST_KEY_UISupportedInterfaceOrientations_iPad = "UIInterfaceOrientationPortrait UIInterfaceOrientationPortraitUpsideDown UIInterfaceOrientationLandscapeLeft UIInterfaceOrientationLandscapeRight";
				INFOPLIST_KEY_UISupportedInterfaceOrientations_iPhone = "UIInterfaceOrientationPortrait UIInterfaceOrientationLandscapeLeft UIInterfaceOrientationLandscapeRight";
				LD_RUNPATH_SEARCH_PATHS = (
					"$(inherited)",
					"@executable_path/Frameworks",
				);
				MARKETING_VERSION = 1.0;
				PRODUCT_BUNDLE_IDENTIFIER = "nakandakari.toru.TCA-Tutorials";
				PRODUCT_NAME = "$(TARGET_NAME)";
				SWIFT_EMIT_LOC_STRINGS = YES;
				SWIFT_VERSION = 5.0;
				TARGETED_DEVICE_FAMILY = "1,2";
			};
			name = Debug;
		};
		2F4B19922A6E7C9A00C35954 /* Release */ = {
			isa = XCBuildConfiguration;
			buildSettings = {
				ASSETCATALOG_COMPILER_APPICON_NAME = AppIcon;
				ASSETCATALOG_COMPILER_GLOBAL_ACCENT_COLOR_NAME = AccentColor;
				CODE_SIGN_STYLE = Automatic;
				CURRENT_PROJECT_VERSION = 1;
				DEVELOPMENT_ASSET_PATHS = "\"TCA-Tutorials/Preview Content\"";
				ENABLE_PREVIEWS = YES;
				GENERATE_INFOPLIST_FILE = YES;
				INFOPLIST_FILE = "TCA-Tutorials/Info.plist";
				INFOPLIST_KEY_UIApplicationSceneManifest_Generation = YES;
				INFOPLIST_KEY_UIApplicationSupportsIndirectInputEvents = YES;
				INFOPLIST_KEY_UILaunchScreen_Generation = YES;
				INFOPLIST_KEY_UISupportedInterfaceOrientations_iPad = "UIInterfaceOrientationPortrait UIInterfaceOrientationPortraitUpsideDown UIInterfaceOrientationLandscapeLeft UIInterfaceOrientationLandscapeRight";
				INFOPLIST_KEY_UISupportedInterfaceOrientations_iPhone = "UIInterfaceOrientationPortrait UIInterfaceOrientationLandscapeLeft UIInterfaceOrientationLandscapeRight";
				LD_RUNPATH_SEARCH_PATHS = (
					"$(inherited)",
					"@executable_path/Frameworks",
				);
				MARKETING_VERSION = 1.0;
				PRODUCT_BUNDLE_IDENTIFIER = "nakandakari.toru.TCA-Tutorials";
				PRODUCT_NAME = "$(TARGET_NAME)";
				SWIFT_EMIT_LOC_STRINGS = YES;
				SWIFT_VERSION = 5.0;
				TARGETED_DEVICE_FAMILY = "1,2";
			};
			name = Release;
		};
		2F4B19AA2A7112ED00C35954 /* Debug */ = {
			isa = XCBuildConfiguration;
			buildSettings = {
				BUNDLE_LOADER = "$(TEST_HOST)";
				CODE_SIGN_STYLE = Automatic;
				CURRENT_PROJECT_VERSION = 1;
				GENERATE_INFOPLIST_FILE = YES;
				MARKETING_VERSION = 1.0;
				PRODUCT_BUNDLE_IDENTIFIER = "nakandakari.toru.TCA-TutorialsTests";
				PRODUCT_NAME = "$(TARGET_NAME)";
				SWIFT_EMIT_LOC_STRINGS = NO;
				SWIFT_VERSION = 5.0;
				TARGETED_DEVICE_FAMILY = "1,2";
				TEST_HOST = "$(BUILT_PRODUCTS_DIR)/TCA-Tutorials.app/$(BUNDLE_EXECUTABLE_FOLDER_PATH)/TCA-Tutorials";
			};
			name = Debug;
		};
		2F4B19AB2A7112ED00C35954 /* Release */ = {
			isa = XCBuildConfiguration;
			buildSettings = {
				BUNDLE_LOADER = "$(TEST_HOST)";
				CODE_SIGN_STYLE = Automatic;
				CURRENT_PROJECT_VERSION = 1;
				GENERATE_INFOPLIST_FILE = YES;
				MARKETING_VERSION = 1.0;
				PRODUCT_BUNDLE_IDENTIFIER = "nakandakari.toru.TCA-TutorialsTests";
				PRODUCT_NAME = "$(TARGET_NAME)";
				SWIFT_EMIT_LOC_STRINGS = NO;
				SWIFT_VERSION = 5.0;
				TARGETED_DEVICE_FAMILY = "1,2";
				TEST_HOST = "$(BUILT_PRODUCTS_DIR)/TCA-Tutorials.app/$(BUNDLE_EXECUTABLE_FOLDER_PATH)/TCA-Tutorials";
			};
			name = Release;
		};
/* End XCBuildConfiguration section */

/* Begin XCConfigurationList section */
		2F4B197D2A6E7C9800C35954 /* Build configuration list for PBXProject "TCA-Tutorials" */ = {
			isa = XCConfigurationList;
			buildConfigurations = (
				2F4B198E2A6E7C9A00C35954 /* Debug */,
				2F4B198F2A6E7C9A00C35954 /* Release */,
			);
			defaultConfigurationIsVisible = 0;
			defaultConfigurationName = Release;
		};
		2F4B19902A6E7C9A00C35954 /* Build configuration list for PBXNativeTarget "TCA-Tutorials" */ = {
			isa = XCConfigurationList;
			buildConfigurations = (
				2F4B19912A6E7C9A00C35954 /* Debug */,
				2F4B19922A6E7C9A00C35954 /* Release */,
			);
			defaultConfigurationIsVisible = 0;
			defaultConfigurationName = Release;
		};
		2F4B19A92A7112ED00C35954 /* Build configuration list for PBXNativeTarget "TCA-TutorialsTests" */ = {
			isa = XCConfigurationList;
			buildConfigurations = (
				2F4B19AA2A7112ED00C35954 /* Debug */,
				2F4B19AB2A7112ED00C35954 /* Release */,
			);
			defaultConfigurationIsVisible = 0;
			defaultConfigurationName = Release;
		};
/* End XCConfigurationList section */

/* Begin XCRemoteSwiftPackageReference section */
		2F4B19952A6E7E7F00C35954 /* XCRemoteSwiftPackageReference "swift-composable-architecture" */ = {
			isa = XCRemoteSwiftPackageReference;
			repositoryURL = "http://github.com/pointfreeco/swift-composable-architecture#Installation";
			requirement = {
				kind = upToNextMajorVersion;
				minimumVersion = 0.9.0;
			};
		};
/* End XCRemoteSwiftPackageReference section */

/* Begin XCSwiftPackageProductDependency section */
		2F4B19962A6E7E7F00C35954 /* ComposableArchitecture */ = {
			isa = XCSwiftPackageProductDependency;
			package = 2F4B19952A6E7E7F00C35954 /* XCRemoteSwiftPackageReference "swift-composable-architecture" */;
			productName = ComposableArchitecture;
		};
/* End XCSwiftPackageProductDependency section */
	};
	rootObject = 2F4B197A2A6E7C9800C35954 /* Project object */;
}
